
Microsoft Visual Studio Solution File, Format Version 12.00
# Visual Studio Version 16
VisualStudioVersion = 16.0.30320.27
MinimumVisualStudioVersion = 10.0.40219.1
Project("{8BC9CEB8-8B4A-11D0-8D11-00A0C91BC942}") = "Labo4CUDA", "Labo4CUDA.vcxproj", "{9E18B069-3ED8-4658-A0AD-1FED87A818F1}"
EndProject
Global
	GlobalSection(SolutionConfigurationPlatforms) = preSolution
		Debug|x64 = Debug|x64
		Release|x64 = Release|x64
	EndGlobalSection
	GlobalSection(ProjectConfigurationPlatforms) = postSolution
		{9E18B069-3ED8-4658-A0AD-1FED87A818F1}.Debug|x64.ActiveCfg = Debug|x64
		{9E18B069-3ED8-4658-A0AD-1FED87A818F1}.Debug|x64.Build.0 = Debug|x64
		{9E18B069-3ED8-4658-A0AD-1FED87A818F1}.Release|x64.ActiveCfg = Release|x64
		{9E18B069-3ED8-4658-A0AD-1FED87A818F1}.Release|x64.Build.0 = Release|x64
	EndGlobalSection
	GlobalSection(SolutionProperties) = preSolution
		HideSolutionNode = FALSE
	EndGlobalSection
	GlobalSection(ExtensibilityGlobals) = postSolution
		SolutionGuid = {C0D13034-19E4-4250-BDFB-4FF58F6D14FC}
	EndGlobalSection
EndGlobal
